
Microsoft Visual Studio Solution File, Format Version 12.00
# Visual Studio Version 16
VisualStudioVersion = 16.0.30804.86
MinimumVisualStudioVersion = 10.0.40219.1
Project("{FAE04EC0-301F-11D3-BF4B-00C04F79EFBC}") = "MultiApp", "MultiApp\MultiApp.csproj", "{8190E161-B0CA-4AF4-BD91-4F8F45D44634}"
EndProject
Project("{FAE04EC0-301F-11D3-BF4B-00C04F79EFBC}") = "MultiApi", "MultiApi\MultiApi.csproj", "{F6B426B5-1577-4461-AE4E-FD94A2A8CD15}"
EndProject
Project("{E53339B2-1760-4266-BCC7-CA923CBCF16C}") = "docker-compose", "docker-compose.dcproj", "{C100657C-99F2-4443-BB03-24B0720536F4}"
EndProject
Global
	GlobalSection(SolutionConfigurationPlatforms) = preSolution
		Debug|Any CPU = Debug|Any CPU
		Release|Any CPU = Release|Any CPU
	EndGlobalSection
	GlobalSection(ProjectConfigurationPlatforms) = postSolution
		{8190E161-B0CA-4AF4-BD91-4F8F45D44634}.Debug|Any CPU.ActiveCfg = Debug|Any CPU
		{8190E161-B0CA-4AF4-BD91-4F8F45D44634}.Debug|Any CPU.Build.0 = Debug|Any CPU
		{8190E161-B0CA-4AF4-BD91-4F8F45D44634}.Release|Any CPU.ActiveCfg = Release|Any CPU
		{8190E161-B0CA-4AF4-BD91-4F8F45D44634}.Release|Any CPU.Build.0 = Release|Any CPU
		{F6B426B5-1577-4461-AE4E-FD94A2A8CD15}.Debug|Any CPU.ActiveCfg = Debug|Any CPU
		{F6B426B5-1577-4461-AE4E-FD94A2A8CD15}.Debug|Any CPU.Build.0 = Debug|Any CPU
		{F6B426B5-1577-4461-AE4E-FD94A2A8CD15}.Release|Any CPU.ActiveCfg = Release|Any CPU
		{F6B426B5-1577-4461-AE4E-FD94A2A8CD15}.Release|Any CPU.Build.0 = Release|Any CPU
		{C100657C-99F2-4443-BB03-24B0720536F4}.Debug|Any CPU.ActiveCfg = Debug|Any CPU
		{C100657C-99F2-4443-BB03-24B0720536F4}.Debug|Any CPU.Build.0 = Debug|Any CPU
		{C100657C-99F2-4443-BB03-24B0720536F4}.Release|Any CPU.ActiveCfg = Release|Any CPU
		{C100657C-99F2-4443-BB03-24B0720536F4}.Release|Any CPU.Build.0 = Release|Any CPU
	EndGlobalSection
	GlobalSection(SolutionProperties) = preSolution
		HideSolutionNode = FALSE
	EndGlobalSection
	GlobalSection(ExtensibilityGlobals) = postSolution
		SolutionGuid = {03311269-D9BF-4EE7-987D-C91792CD3F0F}
	EndGlobalSection
EndGlobal
